
Microsoft Visual Studio Solution File, Format Version 12.00
# Visual Studio Version 16
VisualStudioVersion = 16.0.31624.102
MinimumVisualStudioVersion = 10.0.40219.1
Project("{FAE04EC0-301F-11D3-BF4B-00C04F79EFBC}") = "CNote", "PyCreate\CNote.csproj", "{B3F50CD7-311C-4CA0-AF45-90B62D90A4ED}"
EndProject
Global
	GlobalSection(SolutionConfigurationPlatforms) = preSolution
		Debug|Any CPU = Debug|Any CPU
		Release|Any CPU = Release|Any CPU
	EndGlobalSection
	GlobalSection(ProjectConfigurationPlatforms) = postSolution
		{B3F50CD7-311C-4CA0-AF45-90B62D90A4ED}.Debug|Any CPU.ActiveCfg = Debug|Any CPU
		{B3F50CD7-311C-4CA0-AF45-90B62D90A4ED}.Debug|Any CPU.Build.0 = Debug|Any CPU
		{B3F50CD7-311C-4CA0-AF45-90B62D90A4ED}.Release|Any CPU.ActiveCfg = Release|Any CPU
		{B3F50CD7-311C-4CA0-AF45-90B62D90A4ED}.Release|Any CPU.Build.0 = Release|Any CPU
	EndGlobalSection
	GlobalSection(SolutionProperties) = preSolution
		HideSolutionNode = FALSE
	EndGlobalSection
	GlobalSection(ExtensibilityGlobals) = postSolution
		SolutionGuid = {594557B6-70C2-4744-992D-24708D59391A}
	EndGlobalSection
EndGlobal
